
Microsoft Visual Studio Solution File, Format Version 12.00
# Visual Studio Version 17
VisualStudioVersion = 17.11.35327.3
MinimumVisualStudioVersion = 10.0.40219.1
Project("{2150E333-8FDC-42A3-9474-1A3956D46DE8}") = "Task0", "Task0", "{72D83A22-3EF1-4F2E-9223-D743E300833E}"
EndProject
Project("{FAE04EC0-301F-11D3-BF4B-00C04F79EFBC}") = "Tyuiu.KovyazinAA.Sprint4.Task0.V15", "Tyuiu.KovyazinAA.Sprint4.Task0.V15\Tyuiu.KovyazinAA.Sprint4.Task0.V15.csproj", "{980C1DE4-17E1-4757-BC47-C89788AF665C}"
EndProject
Project("{FAE04EC0-301F-11D3-BF4B-00C04F79EFBC}") = "Tyuiu.KovyazinAA.Sprint4.Task0.V15.Lib", "Tyuiu.KovyazinAA.Sprint4.Task0.V15.Lib\Tyuiu.KovyazinAA.Sprint4.Task0.V15.Lib.csproj", "{D50B2A26-BF08-46A7-BBB4-75B99EAC5D4E}"
EndProject
Project("{FAE04EC0-301F-11D3-BF4B-00C04F79EFBC}") = "Tyuiu.KovyazinAA.Sprint4.Task0.V15.Test", "Tyuiu.KovyazinAA.Sprint4.Task0.V15.Test\Tyuiu.KovyazinAA.Sprint4.Task0.V15.Test.csproj", "{582AF255-60D3-4FA3-8F93-D9CBDFE29619}"
EndProject
Global
	GlobalSection(SolutionConfigurationPlatforms) = preSolution
		Debug|Any CPU = Debug|Any CPU
		Release|Any CPU = Release|Any CPU
	EndGlobalSection
	GlobalSection(ProjectConfigurationPlatforms) = postSolution
		{980C1DE4-17E1-4757-BC47-C89788AF665C}.Debug|Any CPU.ActiveCfg = Debug|Any CPU
		{980C1DE4-17E1-4757-BC47-C89788AF665C}.Debug|Any CPU.Build.0 = Debug|Any CPU
		{980C1DE4-17E1-4757-BC47-C89788AF665C}.Release|Any CPU.ActiveCfg = Release|Any CPU
		{980C1DE4-17E1-4757-BC47-C89788AF665C}.Release|Any CPU.Build.0 = Release|Any CPU
		{D50B2A26-BF08-46A7-BBB4-75B99EAC5D4E}.Debug|Any CPU.ActiveCfg = Debug|Any CPU
		{D50B2A26-BF08-46A7-BBB4-75B99EAC5D4E}.Debug|Any CPU.Build.0 = Debug|Any CPU
		{D50B2A26-BF08-46A7-BBB4-75B99EAC5D4E}.Release|Any CPU.ActiveCfg = Release|Any CPU
		{D50B2A26-BF08-46A7-BBB4-75B99EAC5D4E}.Release|Any CPU.Build.0 = Release|Any CPU
		{582AF255-60D3-4FA3-8F93-D9CBDFE29619}.Debug|Any CPU.ActiveCfg = Debug|Any CPU
		{582AF255-60D3-4FA3-8F93-D9CBDFE29619}.Debug|Any CPU.Build.0 = Debug|Any CPU
		{582AF255-60D3-4FA3-8F93-D9CBDFE29619}.Release|Any CPU.ActiveCfg = Release|Any CPU
		{582AF255-60D3-4FA3-8F93-D9CBDFE29619}.Release|Any CPU.Build.0 = Release|Any CPU
	EndGlobalSection
	GlobalSection(SolutionProperties) = preSolution
		HideSolutionNode = FALSE
	EndGlobalSection
	GlobalSection(NestedProjects) = preSolution
		{980C1DE4-17E1-4757-BC47-C89788AF665C} = {72D83A22-3EF1-4F2E-9223-D743E300833E}
		{D50B2A26-BF08-46A7-BBB4-75B99EAC5D4E} = {72D83A22-3EF1-4F2E-9223-D743E300833E}
		{582AF255-60D3-4FA3-8F93-D9CBDFE29619} = {72D83A22-3EF1-4F2E-9223-D743E300833E}
	EndGlobalSection
	GlobalSection(ExtensibilityGlobals) = postSolution
		SolutionGuid = {97D61158-5E3C-47EE-B911-7422460443EE}
	EndGlobalSection
EndGlobal
